// !$*UTF8*$!
{
	archiveVersion = 1;
	classes = {
	};
	objectVersion = 46;
	objects = {

/* Begin PBXBuildFile section */
		DC99C3D51D955C900031DBE4 /* AppDelegate.swift in Sources */ = {isa = PBXBuildFile; fileRef = DC99C3D41D955C900031DBE4 /* AppDelegate.swift */; };
		DC99C3DA1D955C900031DBE4 /* Main.storyboard in Resources */ = {isa = PBXBuildFile; fileRef = DC99C3D81D955C900031DBE4 /* Main.storyboard */; };
		DC99C3DC1D955C900031DBE4 /* Assets.xcassets in Resources */ = {isa = PBXBuildFile; fileRef = DC99C3DB1D955C900031DBE4 /* Assets.xcassets */; };
		DC99C3DF1D955C900031DBE4 /* LaunchScreen.storyboard in Resources */ = {isa = PBXBuildFile; fileRef = DC99C3DD1D955C900031DBE4 /* LaunchScreen.storyboard */; };
		DC99C3EA1D955C910031DBE4 /* JenkinsiOSTests.swift in Sources */ = {isa = PBXBuildFile; fileRef = DC99C3E91D955C910031DBE4 /* JenkinsiOSTests.swift */; };
		DC99C3F51D955E1B0031DBE4 /* Job.swift in Sources */ = {isa = PBXBuildFile; fileRef = DC99C3F41D955E1B0031DBE4 /* Job.swift */; };
		DC99C3F71D9561500031DBE4 /* Build.swift in Sources */ = {isa = PBXBuildFile; fileRef = DC99C3F61D9561500031DBE4 /* Build.swift */; };
		DC99C3FB1D9561D60031DBE4 /* BuildQueue.swift in Sources */ = {isa = PBXBuildFile; fileRef = DC99C3FA1D9561D60031DBE4 /* BuildQueue.swift */; };
		DC99C4001D9562740031DBE4 /* User.swift in Sources */ = {isa = PBXBuildFile; fileRef = DC99C3FF1D9562740031DBE4 /* User.swift */; };
		DC99C4021D9562F70031DBE4 /* NetworkManager.swift in Sources */ = {isa = PBXBuildFile; fileRef = DC99C4011D9562F70031DBE4 /* NetworkManager.swift */; };
		DC99C4041D95647E0031DBE4 /* UserRequest.swift in Sources */ = {isa = PBXBuildFile; fileRef = DC99C4031D95647E0031DBE4 /* UserRequest.swift */; };
		DC99C4061D95719C0031DBE4 /* JobList.swift in Sources */ = {isa = PBXBuildFile; fileRef = DC99C4051D95719C0031DBE4 /* JobList.swift */; };
		DC99C4081D9572930031DBE4 /* Errors.swift in Sources */ = {isa = PBXBuildFile; fileRef = DC99C4071D9572930031DBE4 /* Errors.swift */; };
		DC99C40A1D95753B0031DBE4 /* JenkinsColor.swift in Sources */ = {isa = PBXBuildFile; fileRef = DC99C4091D95753B0031DBE4 /* JenkinsColor.swift */; };
		DC99C40C1D9579810031DBE4 /* HealthReportResult.swift in Sources */ = {isa = PBXBuildFile; fileRef = DC99C40B1D9579810031DBE4 /* HealthReportResult.swift */; };
		DC99C40E1D958CB50031DBE4 /* JobsTableViewController.swift in Sources */ = {isa = PBXBuildFile; fileRef = DC99C40D1D958CB50031DBE4 /* JobsTableViewController.swift */; };
/* End PBXBuildFile section */

/* Begin PBXContainerItemProxy section */
		DC99C3E61D955C910031DBE4 /* PBXContainerItemProxy */ = {
			isa = PBXContainerItemProxy;
			containerPortal = DC99C3C91D955C8F0031DBE4 /* Project object */;
			proxyType = 1;
			remoteGlobalIDString = DC99C3D01D955C8F0031DBE4;
			remoteInfo = JenkinsiOS;
		};
/* End PBXContainerItemProxy section */

/* Begin PBXFileReference section */
		DC99C3D11D955C900031DBE4 /* JenkinsiOS.app */ = {isa = PBXFileReference; explicitFileType = wrapper.application; includeInIndex = 0; path = JenkinsiOS.app; sourceTree = BUILT_PRODUCTS_DIR; };
		DC99C3D41D955C900031DBE4 /* AppDelegate.swift */ = {isa = PBXFileReference; lastKnownFileType = sourcecode.swift; path = AppDelegate.swift; sourceTree = "<group>"; };
		DC99C3D91D955C900031DBE4 /* Base */ = {isa = PBXFileReference; lastKnownFileType = file.storyboard; name = Base; path = Base.lproj/Main.storyboard; sourceTree = "<group>"; };
		DC99C3DB1D955C900031DBE4 /* Assets.xcassets */ = {isa = PBXFileReference; lastKnownFileType = folder.assetcatalog; path = Assets.xcassets; sourceTree = "<group>"; };
		DC99C3DE1D955C900031DBE4 /* Base */ = {isa = PBXFileReference; lastKnownFileType = file.storyboard; name = Base; path = Base.lproj/LaunchScreen.storyboard; sourceTree = "<group>"; };
		DC99C3E01D955C900031DBE4 /* Info.plist */ = {isa = PBXFileReference; lastKnownFileType = text.plist.xml; path = Info.plist; sourceTree = "<group>"; };
		DC99C3E51D955C910031DBE4 /* JenkinsiOSTests.xctest */ = {isa = PBXFileReference; explicitFileType = wrapper.cfbundle; includeInIndex = 0; path = JenkinsiOSTests.xctest; sourceTree = BUILT_PRODUCTS_DIR; };
		DC99C3E91D955C910031DBE4 /* JenkinsiOSTests.swift */ = {isa = PBXFileReference; lastKnownFileType = sourcecode.swift; path = JenkinsiOSTests.swift; sourceTree = "<group>"; };
		DC99C3EB1D955C910031DBE4 /* Info.plist */ = {isa = PBXFileReference; lastKnownFileType = text.plist.xml; path = Info.plist; sourceTree = "<group>"; };
		DC99C3F41D955E1B0031DBE4 /* Job.swift */ = {isa = PBXFileReference; fileEncoding = 4; lastKnownFileType = sourcecode.swift; path = Job.swift; sourceTree = "<group>"; };
		DC99C3F61D9561500031DBE4 /* Build.swift */ = {isa = PBXFileReference; fileEncoding = 4; lastKnownFileType = sourcecode.swift; path = Build.swift; sourceTree = "<group>"; };
		DC99C3FA1D9561D60031DBE4 /* BuildQueue.swift */ = {isa = PBXFileReference; fileEncoding = 4; lastKnownFileType = sourcecode.swift; path = BuildQueue.swift; sourceTree = "<group>"; };
		DC99C3FF1D9562740031DBE4 /* User.swift */ = {isa = PBXFileReference; fileEncoding = 4; lastKnownFileType = sourcecode.swift; path = User.swift; sourceTree = "<group>"; };
		DC99C4011D9562F70031DBE4 /* NetworkManager.swift */ = {isa = PBXFileReference; fileEncoding = 4; lastKnownFileType = sourcecode.swift; path = NetworkManager.swift; sourceTree = "<group>"; };
		DC99C4031D95647E0031DBE4 /* UserRequest.swift */ = {isa = PBXFileReference; fileEncoding = 4; lastKnownFileType = sourcecode.swift; path = UserRequest.swift; sourceTree = "<group>"; };
		DC99C4051D95719C0031DBE4 /* JobList.swift */ = {isa = PBXFileReference; fileEncoding = 4; lastKnownFileType = sourcecode.swift; path = JobList.swift; sourceTree = "<group>"; };
		DC99C4071D9572930031DBE4 /* Errors.swift */ = {isa = PBXFileReference; fileEncoding = 4; lastKnownFileType = sourcecode.swift; path = Errors.swift; sourceTree = "<group>"; };
		DC99C4091D95753B0031DBE4 /* JenkinsColor.swift */ = {isa = PBXFileReference; fileEncoding = 4; lastKnownFileType = sourcecode.swift; path = JenkinsColor.swift; sourceTree = "<group>"; };
		DC99C40B1D9579810031DBE4 /* HealthReportResult.swift */ = {isa = PBXFileReference; fileEncoding = 4; lastKnownFileType = sourcecode.swift; path = HealthReportResult.swift; sourceTree = "<group>"; };
		DC99C40D1D958CB50031DBE4 /* JobsTableViewController.swift */ = {isa = PBXFileReference; fileEncoding = 4; lastKnownFileType = sourcecode.swift; path = JobsTableViewController.swift; sourceTree = "<group>"; };
/* End PBXFileReference section */

/* Begin PBXFrameworksBuildPhase section */
		DC99C3CE1D955C8F0031DBE4 /* Frameworks */ = {
			isa = PBXFrameworksBuildPhase;
			buildActionMask = 2147483647;
			files = (
			);
			runOnlyForDeploymentPostprocessing = 0;
		};
		DC99C3E21D955C910031DBE4 /* Frameworks */ = {
			isa = PBXFrameworksBuildPhase;
			buildActionMask = 2147483647;
			files = (
			);
			runOnlyForDeploymentPostprocessing = 0;
		};
/* End PBXFrameworksBuildPhase section */

/* Begin PBXGroup section */
		DC99C3C81D955C8F0031DBE4 = {
			isa = PBXGroup;
			children = (
				DC99C3D31D955C900031DBE4 /* JenkinsiOS */,
				DC99C3E81D955C910031DBE4 /* JenkinsiOSTests */,
				DC99C3D21D955C900031DBE4 /* Products */,
			);
			sourceTree = "<group>";
		};
		DC99C3D21D955C900031DBE4 /* Products */ = {
			isa = PBXGroup;
			children = (
				DC99C3D11D955C900031DBE4 /* JenkinsiOS.app */,
				DC99C3E51D955C910031DBE4 /* JenkinsiOSTests.xctest */,
			);
			name = Products;
			sourceTree = "<group>";
		};
		DC99C3D31D955C900031DBE4 /* JenkinsiOS */ = {
			isa = PBXGroup;
			children = (
				DC99C3FE1D9562440031DBE4 /* Controller */,
				DC99C3FD1D9562330031DBE4 /* Service */,
				DC99C3F81D95615A0031DBE4 /* Model */,
				DC99C3F91D9561710031DBE4 /* Other */,
			);
			path = JenkinsiOS;
			sourceTree = "<group>";
		};
		DC99C3E81D955C910031DBE4 /* JenkinsiOSTests */ = {
			isa = PBXGroup;
			children = (
				DC99C3E91D955C910031DBE4 /* JenkinsiOSTests.swift */,
				DC99C3EB1D955C910031DBE4 /* Info.plist */,
			);
			path = JenkinsiOSTests;
			sourceTree = "<group>";
		};
		DC99C3F81D95615A0031DBE4 /* Model */ = {
			isa = PBXGroup;
			children = (
				DC99C3F41D955E1B0031DBE4 /* Job.swift */,
				DC99C40B1D9579810031DBE4 /* HealthReportResult.swift */,
				DC99C4051D95719C0031DBE4 /* JobList.swift */,
				DC99C3F61D9561500031DBE4 /* Build.swift */,
				DC99C3FA1D9561D60031DBE4 /* BuildQueue.swift */,
				DC99C3FF1D9562740031DBE4 /* User.swift */,
				DC99C4031D95647E0031DBE4 /* UserRequest.swift */,
				DC99C4091D95753B0031DBE4 /* JenkinsColor.swift */,
			);
			name = Model;
			sourceTree = "<group>";
		};
		DC99C3F91D9561710031DBE4 /* Other */ = {
			isa = PBXGroup;
			children = (
				DC99C3DB1D955C900031DBE4 /* Assets.xcassets */,
				DC99C3D41D955C900031DBE4 /* AppDelegate.swift */,
				DC99C3D81D955C900031DBE4 /* Main.storyboard */,
				DC99C3DD1D955C900031DBE4 /* LaunchScreen.storyboard */,
				DC99C3E01D955C900031DBE4 /* Info.plist */,
				DC99C4071D9572930031DBE4 /* Errors.swift */,
			);
			name = Other;
			sourceTree = "<group>";
		};
		DC99C3FD1D9562330031DBE4 /* Service */ = {
			isa = PBXGroup;
			children = (
				DC99C4011D9562F70031DBE4 /* NetworkManager.swift */,
			);
			name = Service;
			sourceTree = "<group>";
		};
		DC99C3FE1D9562440031DBE4 /* Controller */ = {
			isa = PBXGroup;
			children = (
				DC99C40D1D958CB50031DBE4 /* JobsTableViewController.swift */,
			);
			name = Controller;
			sourceTree = "<group>";
		};
/* End PBXGroup section */

/* Begin PBXNativeTarget section */
		DC99C3D01D955C8F0031DBE4 /* JenkinsiOS */ = {
			isa = PBXNativeTarget;
			buildConfigurationList = DC99C3EE1D955C910031DBE4 /* Build configuration list for PBXNativeTarget "JenkinsiOS" */;
			buildPhases = (
				DC99C3CD1D955C8F0031DBE4 /* Sources */,
				DC99C3CE1D955C8F0031DBE4 /* Frameworks */,
				DC99C3CF1D955C8F0031DBE4 /* Resources */,
			);
			buildRules = (
			);
			dependencies = (
			);
			name = JenkinsiOS;
			productName = JenkinsiOS;
			productReference = DC99C3D11D955C900031DBE4 /* JenkinsiOS.app */;
			productType = "com.apple.product-type.application";
		};
		DC99C3E41D955C910031DBE4 /* JenkinsiOSTests */ = {
			isa = PBXNativeTarget;
			buildConfigurationList = DC99C3F11D955C910031DBE4 /* Build configuration list for PBXNativeTarget "JenkinsiOSTests" */;
			buildPhases = (
				DC99C3E11D955C910031DBE4 /* Sources */,
				DC99C3E21D955C910031DBE4 /* Frameworks */,
				DC99C3E31D955C910031DBE4 /* Resources */,
			);
			buildRules = (
			);
			dependencies = (
				DC99C3E71D955C910031DBE4 /* PBXTargetDependency */,
			);
			name = JenkinsiOSTests;
			productName = JenkinsiOSTests;
			productReference = DC99C3E51D955C910031DBE4 /* JenkinsiOSTests.xctest */;
			productType = "com.apple.product-type.bundle.unit-test";
		};
/* End PBXNativeTarget section */

/* Begin PBXProject section */
		DC99C3C91D955C8F0031DBE4 /* Project object */ = {
			isa = PBXProject;
			attributes = {
				LastSwiftUpdateCheck = 0800;
				LastUpgradeCheck = 0800;
				ORGANIZATIONNAME = "MobiLab Solutions";
				TargetAttributes = {
					DC99C3D01D955C8F0031DBE4 = {
						CreatedOnToolsVersion = 8.0;
						DevelopmentTeam = S722Z9XR48;
						ProvisioningStyle = Automatic;
					};
					DC99C3E41D955C910031DBE4 = {
						CreatedOnToolsVersion = 8.0;
						DevelopmentTeam = S722Z9XR48;
						ProvisioningStyle = Automatic;
						TestTargetID = DC99C3D01D955C8F0031DBE4;
					};
				};
			};
			buildConfigurationList = DC99C3CC1D955C8F0031DBE4 /* Build configuration list for PBXProject "JenkinsiOS" */;
			compatibilityVersion = "Xcode 3.2";
			developmentRegion = English;
			hasScannedForEncodings = 0;
			knownRegions = (
				en,
				Base,
			);
			mainGroup = DC99C3C81D955C8F0031DBE4;
			productRefGroup = DC99C3D21D955C900031DBE4 /* Products */;
			projectDirPath = "";
			projectRoot = "";
			targets = (
				DC99C3D01D955C8F0031DBE4 /* JenkinsiOS */,
				DC99C3E41D955C910031DBE4 /* JenkinsiOSTests */,
			);
		};
/* End PBXProject section */

/* Begin PBXResourcesBuildPhase section */
		DC99C3CF1D955C8F0031DBE4 /* Resources */ = {
			isa = PBXResourcesBuildPhase;
			buildActionMask = 2147483647;
			files = (
				DC99C3DF1D955C900031DBE4 /* LaunchScreen.storyboard in Resources */,
				DC99C3DC1D955C900031DBE4 /* Assets.xcassets in Resources */,
				DC99C3DA1D955C900031DBE4 /* Main.storyboard in Resources */,
			);
			runOnlyForDeploymentPostprocessing = 0;
		};
		DC99C3E31D955C910031DBE4 /* Resources */ = {
			isa = PBXResourcesBuildPhase;
			buildActionMask = 2147483647;
			files = (
			);
			runOnlyForDeploymentPostprocessing = 0;
		};
/* End PBXResourcesBuildPhase section */

/* Begin PBXSourcesBuildPhase section */
		DC99C3CD1D955C8F0031DBE4 /* Sources */ = {
			isa = PBXSourcesBuildPhase;
			buildActionMask = 2147483647;
			files = (
				DC99C40A1D95753B0031DBE4 /* JenkinsColor.swift in Sources */,
				DC99C40C1D9579810031DBE4 /* HealthReportResult.swift in Sources */,
				DC99C4021D9562F70031DBE4 /* NetworkManager.swift in Sources */,
				DC99C3FB1D9561D60031DBE4 /* BuildQueue.swift in Sources */,
				DC99C3D51D955C900031DBE4 /* AppDelegate.swift in Sources */,
				DC99C40E1D958CB50031DBE4 /* JobsTableViewController.swift in Sources */,
				DC99C3F51D955E1B0031DBE4 /* Job.swift in Sources */,
				DC99C4001D9562740031DBE4 /* User.swift in Sources */,
				DC99C3F71D9561500031DBE4 /* Build.swift in Sources */,
				DC99C4041D95647E0031DBE4 /* UserRequest.swift in Sources */,
				DC99C4081D9572930031DBE4 /* Errors.swift in Sources */,
				DC99C4061D95719C0031DBE4 /* JobList.swift in Sources */,
			);
			runOnlyForDeploymentPostprocessing = 0;
		};
		DC99C3E11D955C910031DBE4 /* Sources */ = {
			isa = PBXSourcesBuildPhase;
			buildActionMask = 2147483647;
			files = (
				DC99C3EA1D955C910031DBE4 /* JenkinsiOSTests.swift in Sources */,
			);
			runOnlyForDeploymentPostprocessing = 0;
		};
/* End PBXSourcesBuildPhase section */

/* Begin PBXTargetDependency section */
		DC99C3E71D955C910031DBE4 /* PBXTargetDependency */ = {
			isa = PBXTargetDependency;
			target = DC99C3D01D955C8F0031DBE4 /* JenkinsiOS */;
			targetProxy = DC99C3E61D955C910031DBE4 /* PBXContainerItemProxy */;
		};
/* End PBXTargetDependency section */

/* Begin PBXVariantGroup section */
		DC99C3D81D955C900031DBE4 /* Main.storyboard */ = {
			isa = PBXVariantGroup;
			children = (
				DC99C3D91D955C900031DBE4 /* Base */,
			);
			name = Main.storyboard;
			sourceTree = "<group>";
		};
		DC99C3DD1D955C900031DBE4 /* LaunchScreen.storyboard */ = {
			isa = PBXVariantGroup;
			children = (
				DC99C3DE1D955C900031DBE4 /* Base */,
			);
			name = LaunchScreen.storyboard;
			sourceTree = "<group>";
		};
/* End PBXVariantGroup section */

/* Begin XCBuildConfiguration section */
		DC99C3EC1D955C910031DBE4 /* Debug */ = {
			isa = XCBuildConfiguration;
			buildSettings = {
				ALWAYS_SEARCH_USER_PATHS = NO;
				CLANG_ANALYZER_NONNULL = YES;
				CLANG_CXX_LANGUAGE_STANDARD = "gnu++0x";
				CLANG_CXX_LIBRARY = "libc++";
				CLANG_ENABLE_MODULES = YES;
				CLANG_ENABLE_OBJC_ARC = YES;
				CLANG_WARN_BOOL_CONVERSION = YES;
				CLANG_WARN_CONSTANT_CONVERSION = YES;
				CLANG_WARN_DIRECT_OBJC_ISA_USAGE = YES_ERROR;
				CLANG_WARN_DOCUMENTATION_COMMENTS = YES;
				CLANG_WARN_EMPTY_BODY = YES;
				CLANG_WARN_ENUM_CONVERSION = YES;
				CLANG_WARN_INFINITE_RECURSION = YES;
				CLANG_WARN_INT_CONVERSION = YES;
				CLANG_WARN_OBJC_ROOT_CLASS = YES_ERROR;
				CLANG_WARN_SUSPICIOUS_MOVES = YES;
				CLANG_WARN_UNREACHABLE_CODE = YES;
				CLANG_WARN__DUPLICATE_METHOD_MATCH = YES;
				"CODE_SIGN_IDENTITY[sdk=iphoneos*]" = "iPhone Developer";
				COPY_PHASE_STRIP = NO;
				DEBUG_INFORMATION_FORMAT = dwarf;
				ENABLE_STRICT_OBJC_MSGSEND = YES;
				ENABLE_TESTABILITY = YES;
				GCC_C_LANGUAGE_STANDARD = gnu99;
				GCC_DYNAMIC_NO_PIC = NO;
				GCC_NO_COMMON_BLOCKS = YES;
				GCC_OPTIMIZATION_LEVEL = 0;
				GCC_PREPROCESSOR_DEFINITIONS = (
					"DEBUG=1",
					"$(inherited)",
				);
				GCC_WARN_64_TO_32_BIT_CONVERSION = YES;
				GCC_WARN_ABOUT_RETURN_TYPE = YES_ERROR;
				GCC_WARN_UNDECLARED_SELECTOR = YES;
				GCC_WARN_UNINITIALIZED_AUTOS = YES_AGGRESSIVE;
				GCC_WARN_UNUSED_FUNCTION = YES;
				GCC_WARN_UNUSED_VARIABLE = YES;
				IPHONEOS_DEPLOYMENT_TARGET = 10.0;
				MTL_ENABLE_DEBUG_INFO = YES;
				ONLY_ACTIVE_ARCH = YES;
				SDKROOT = iphoneos;
				SWIFT_ACTIVE_COMPILATION_CONDITIONS = DEBUG;
				SWIFT_OPTIMIZATION_LEVEL = "-Onone";
				TARGETED_DEVICE_FAMILY = "1,2";
			};
			name = Debug;
		};
		DC99C3ED1D955C910031DBE4 /* Release */ = {
			isa = XCBuildConfiguration;
			buildSettings = {
				ALWAYS_SEARCH_USER_PATHS = NO;
				CLANG_ANALYZER_NONNULL = YES;
				CLANG_CXX_LANGUAGE_STANDARD = "gnu++0x";
				CLANG_CXX_LIBRARY = "libc++";
				CLANG_ENABLE_MODULES = YES;
				CLANG_ENABLE_OBJC_ARC = YES;
				CLANG_WARN_BOOL_CONVERSION = YES;
				CLANG_WARN_CONSTANT_CONVERSION = YES;
				CLANG_WARN_DIRECT_OBJC_ISA_USAGE = YES_ERROR;
				CLANG_WARN_DOCUMENTATION_COMMENTS = YES;
				CLANG_WARN_EMPTY_BODY = YES;
				CLANG_WARN_ENUM_CONVERSION = YES;
				CLANG_WARN_INFINITE_RECURSION = YES;
				CLANG_WARN_INT_CONVERSION = YES;
				CLANG_WARN_OBJC_ROOT_CLASS = YES_ERROR;
				CLANG_WARN_SUSPICIOUS_MOVES = YES;
				CLANG_WARN_UNREACHABLE_CODE = YES;
				CLANG_WARN__DUPLICATE_METHOD_MATCH = YES;
				"CODE_SIGN_IDENTITY[sdk=iphoneos*]" = "iPhone Developer";
				COPY_PHASE_STRIP = NO;
				DEBUG_INFORMATION_FORMAT = "dwarf-with-dsym";
				ENABLE_NS_ASSERTIONS = NO;
				ENABLE_STRICT_OBJC_MSGSEND = YES;
				GCC_C_LANGUAGE_STANDARD = gnu99;
				GCC_NO_COMMON_BLOCKS = YES;
				GCC_WARN_64_TO_32_BIT_CONVERSION = YES;
				GCC_WARN_ABOUT_RETURN_TYPE = YES_ERROR;
				GCC_WARN_UNDECLARED_SELECTOR = YES;
				GCC_WARN_UNINITIALIZED_AUTOS = YES_AGGRESSIVE;
				GCC_WARN_UNUSED_FUNCTION = YES;
				GCC_WARN_UNUSED_VARIABLE = YES;
				IPHONEOS_DEPLOYMENT_TARGET = 10.0;
				MTL_ENABLE_DEBUG_INFO = NO;
				SDKROOT = iphoneos;
				SWIFT_OPTIMIZATION_LEVEL = "-Owholemodule";
				TARGETED_DEVICE_FAMILY = "1,2";
				VALIDATE_PRODUCT = YES;
			};
			name = Release;
		};
		DC99C3EF1D955C910031DBE4 /* Debug */ = {
			isa = XCBuildConfiguration;
			buildSettings = {
				ASSETCATALOG_COMPILER_APPICON_NAME = AppIcon;
				DEVELOPMENT_TEAM = S722Z9XR48;
				INFOPLIST_FILE = JenkinsiOS/Info.plist;
				LD_RUNPATH_SEARCH_PATHS = "$(inherited) @executable_path/Frameworks";
				PRODUCT_BUNDLE_IDENTIFIER = "MobiLab-Solutions.JenkinsiOS";
				PRODUCT_NAME = "$(TARGET_NAME)";
				SWIFT_VERSION = 3.0;
			};
			name = Debug;
		};
		DC99C3F01D955C910031DBE4 /* Release */ = {
			isa = XCBuildConfiguration;
			buildSettings = {
				ASSETCATALOG_COMPILER_APPICON_NAME = AppIcon;
				DEVELOPMENT_TEAM = S722Z9XR48;
				INFOPLIST_FILE = JenkinsiOS/Info.plist;
				LD_RUNPATH_SEARCH_PATHS = "$(inherited) @executable_path/Frameworks";
				PRODUCT_BUNDLE_IDENTIFIER = "MobiLab-Solutions.JenkinsiOS";
				PRODUCT_NAME = "$(TARGET_NAME)";
				SWIFT_VERSION = 3.0;
			};
			name = Release;
		};
		DC99C3F21D955C910031DBE4 /* Debug */ = {
			isa = XCBuildConfiguration;
			buildSettings = {
				ALWAYS_EMBED_SWIFT_STANDARD_LIBRARIES = YES;
				BUNDLE_LOADER = "$(TEST_HOST)";
				DEVELOPMENT_TEAM = S722Z9XR48;
				INFOPLIST_FILE = JenkinsiOSTests/Info.plist;
				LD_RUNPATH_SEARCH_PATHS = "$(inherited) @executable_path/Frameworks @loader_path/Frameworks";
				PRODUCT_BUNDLE_IDENTIFIER = "MobiLab-Solutions.JenkinsiOSTests";
				PRODUCT_NAME = "$(TARGET_NAME)";
				SWIFT_VERSION = 3.0;
				TEST_HOST = "$(BUILT_PRODUCTS_DIR)/JenkinsiOS.app/JenkinsiOS";
			};
			name = Debug;
		};
		DC99C3F31D955C910031DBE4 /* Release */ = {
			isa = XCBuildConfiguration;
			buildSettings = {
				ALWAYS_EMBED_SWIFT_STANDARD_LIBRARIES = YES;
				BUNDLE_LOADER = "$(TEST_HOST)";
				DEVELOPMENT_TEAM = S722Z9XR48;
				INFOPLIST_FILE = JenkinsiOSTests/Info.plist;
				LD_RUNPATH_SEARCH_PATHS = "$(inherited) @executable_path/Frameworks @loader_path/Frameworks";
				PRODUCT_BUNDLE_IDENTIFIER = "MobiLab-Solutions.JenkinsiOSTests";
				PRODUCT_NAME = "$(TARGET_NAME)";
				SWIFT_VERSION = 3.0;
				TEST_HOST = "$(BUILT_PRODUCTS_DIR)/JenkinsiOS.app/JenkinsiOS";
			};
			name = Release;
		};
/* End XCBuildConfiguration section */

/* Begin XCConfigurationList section */
		DC99C3CC1D955C8F0031DBE4 /* Build configuration list for PBXProject "JenkinsiOS" */ = {
			isa = XCConfigurationList;
			buildConfigurations = (
				DC99C3EC1D955C910031DBE4 /* Debug */,
				DC99C3ED1D955C910031DBE4 /* Release */,
			);
			defaultConfigurationIsVisible = 0;
			defaultConfigurationName = Release;
		};
		DC99C3EE1D955C910031DBE4 /* Build configuration list for PBXNativeTarget "JenkinsiOS" */ = {
			isa = XCConfigurationList;
			buildConfigurations = (
				DC99C3EF1D955C910031DBE4 /* Debug */,
				DC99C3F01D955C910031DBE4 /* Release */,
			);
			defaultConfigurationIsVisible = 0;
		};
		DC99C3F11D955C910031DBE4 /* Build configuration list for PBXNativeTarget "JenkinsiOSTests" */ = {
			isa = XCConfigurationList;
			buildConfigurations = (
				DC99C3F21D955C910031DBE4 /* Debug */,
				DC99C3F31D955C910031DBE4 /* Release */,
			);
			defaultConfigurationIsVisible = 0;
		};
/* End XCConfigurationList section */
	};
	rootObject = DC99C3C91D955C8F0031DBE4 /* Project object */;
}
